
Microsoft Visual Studio Solution File, Format Version 12.00
# Visual Studio 15
VisualStudioVersion = 15.0.27004.2008
MinimumVisualStudioVersion = 10.0.40219.1
Project("{FAE04EC0-301F-11D3-BF4B-00C04F79EFBC}") = "PensionsConsoleApp", "PensionsConsoleApp.csproj", "{2D3D150D-0EA7-4DEE-ADC6-55EA5AF86959}"
EndProject
Global
	GlobalSection(SolutionConfigurationPlatforms) = preSolution
		Debug|Any CPU = Debug|Any CPU
		Release|Any CPU = Release|Any CPU
	EndGlobalSection
	GlobalSection(ProjectConfigurationPlatforms) = postSolution
		{2D3D150D-0EA7-4DEE-ADC6-55EA5AF86959}.Debug|Any CPU.ActiveCfg = Debug|Any CPU
		{2D3D150D-0EA7-4DEE-ADC6-55EA5AF86959}.Debug|Any CPU.Build.0 = Debug|Any CPU
		{2D3D150D-0EA7-4DEE-ADC6-55EA5AF86959}.Release|Any CPU.ActiveCfg = Release|Any CPU
		{2D3D150D-0EA7-4DEE-ADC6-55EA5AF86959}.Release|Any CPU.Build.0 = Release|Any CPU
	EndGlobalSection
	GlobalSection(SolutionProperties) = preSolution
		HideSolutionNode = FALSE
	EndGlobalSection
	GlobalSection(ExtensibilityGlobals) = postSolution
		SolutionGuid = {8A6F9E71-980D-4166-8BDB-40E767ECD30B}
	EndGlobalSection
EndGlobal
